<?xml version="1.0" encoding="utf-8"?>
<Project ToolsVersion="4.0" xmlns="http://schemas.microsoft.com/developer/msbuild/2003">
  <ItemGroup>
    <Filter Include="Source Files">
      <UniqueIdentifier>{4FC737F1-C7A5-4376-A066-2A32D752A2FF}</UniqueIdentifier>
      <Extensions>cpp;c;cc;cxx;c++;cppm;ixx;def;odl;idl;hpj;bat;asm;asmx</Extensions>
    </Filter>
    <Filter Include="Header Files">
      <UniqueIdentifier>{93995380-89BD-4b04-88EB-625FBE52EBFB}</UniqueIdentifier>
      <Extensions>h;hh;hpp;hxx;h++;hm;inl;inc;ipp;xsd</Extensions>
    </Filter>
    <Filter Include="Resource Files">
      <UniqueIdentifier>{67DA6AB6-F800-4c08-8B7A-83BB121AAD01}</UniqueIdentifier>
      <Extensions>rc;ico;cur;bmp;dlg;rc2;rct;bin;rgs;gif;jpg;jpeg;jpe;resx;tiff;tif;png;wav;mfcribbon-ms</Extensions>
    </Filter>
  </ItemGroup>
  <ItemGroup>
    <ClCompile Include="main.cpp">
      <Filter>Source Files</Filter>
    </ClCompile>
    <ClCompile Include="socket.cpp">
      <Filter>Source Files</Filter>
    </ClCompile>
    <ClCompile Include="address.cpp">
      <Filter>Source Files</Filter>
    </ClCompile>
    <ClCompile Include="wsa_error.cpp">
      <Filter>Source Files</Filter>
    </ClCompile>
    <ClCompile Include="vector2.cpp">
      <Filter>Source Files</Filter>
    </ClCompile>
    <ClCompile Include="registry.cpp">
      <Filter>Source Files</Filter>
    </ClCompile>
    <ClCompile Include="entity.cpp">
      <Filter>Source Files</Filter>
    </ClCompile>
    <ClCompile Include="transformation.cpp">
      <Filter>Source Files</Filter>
    </ClCompile>
    <ClCompile Include="movement.cpp">
      <Filter>Source Files</Filter>
    </ClCompile>
    <ClCompile Include="player.cpp">
      <Filter>Source Files</Filter>
    </ClCompile>
    <ClCompile Include="action.cpp">
      <Filter>Source Files</Filter>
    </ClCompile>
    <ClCompile Include="collider.cpp">
      <Filter>Source Files</Filter>
    </ClCompile>
    <ClCompile Include="convex_polygon.cpp">
      <Filter>Source Files</Filter>
    </ClCompile>
    <ClCompile Include="contact.cpp">
      <Filter>Source Files</Filter>
    </ClCompile>
    <ClCompile Include="contact_generator.cpp">
      <Filter>Source Files</Filter>
    </ClCompile>
    <ClCompile Include="motion.cpp">
      <Filter>Source Files</Filter>
    </ClCompile>
    <ClCompile Include="rigid_body.cpp">
      <Filter>Source Files</Filter>
    </ClCompile>
    <ClCompile Include="constraint_solver.cpp">
      <Filter>Source Files</Filter>
    </ClCompile>
    <ClCompile Include="fixed_rotation.cpp">
      <Filter>Source Files</Filter>
    </ClCompile>
  </ItemGroup>
  <ItemGroup>
    <ClInclude Include="socket.hpp">
      <Filter>Header Files</Filter>
    </ClInclude>
    <ClInclude Include="address.hpp">
      <Filter>Header Files</Filter>
    </ClInclude>
    <ClInclude Include="wsa_error.hpp">
      <Filter>Header Files</Filter>
    </ClInclude>
    <ClInclude Include="message_type.hpp">
      <Filter>Header Files</Filter>
    </ClInclude>
    <ClInclude Include="serialize.hpp">
      <Filter>Header Files</Filter>
    </ClInclude>
    <ClInclude Include="deserialize.hpp">
      <Filter>Header Files</Filter>
    </ClInclude>
    <ClInclude Include="vector2.hpp">
      <Filter>Header Files</Filter>
    </ClInclude>
    <ClInclude Include="registry.hpp">
      <Filter>Header Files</Filter>
    </ClInclude>
    <ClInclude Include="entity.hpp">
      <Filter>Header Files</Filter>
    </ClInclude>
    <ClInclude Include="transformation.hpp">
      <Filter>Header Files</Filter>
    </ClInclude>
    <ClInclude Include="movement.hpp">
      <Filter>Header Files</Filter>
    </ClInclude>
    <ClInclude Include="player.hpp">
      <Filter>Header Files</Filter>
    </ClInclude>
    <ClInclude Include="action.hpp">
      <Filter>Header Files</Filter>
    </ClInclude>
    <ClInclude Include="action_type.hpp">
      <Filter>Header Files</Filter>
    </ClInclude>
    <ClInclude Include="hash_combine.hpp">
      <Filter>Header Files</Filter>
    </ClInclude>
    <ClInclude Include="collider.hpp">
      <Filter>Header Files</Filter>
    </ClInclude>
    <ClInclude Include="convex_polygon.hpp">
      <Filter>Header Files</Filter>
    </ClInclude>
    <ClInclude Include="contact.hpp">
      <Filter>Header Files</Filter>
    </ClInclude>
    <ClInclude Include="contact_generator.hpp">
      <Filter>Header Files</Filter>
    </ClInclude>
    <ClInclude Include="motion.hpp">
      <Filter>Header Files</Filter>
    </ClInclude>
    <ClInclude Include="rigid_body.hpp">
      <Filter>Header Files</Filter>
    </ClInclude>
    <ClInclude Include="matrix.hpp">
      <Filter>Header Files</Filter>
    </ClInclude>
    <ClInclude Include="constraint_solver.hpp">
      <Filter>Header Files</Filter>
    </ClInclude>
    <ClInclude Include="fixed_rotation.hpp">
      <Filter>Header Files</Filter>
    </ClInclude>
  </ItemGroup>
</Project>